
Microsoft Visual Studio Solution File, Format Version 12.00
# Visual Studio Version 17
VisualStudioVersion = 17.0.32014.148
MinimumVisualStudioVersion = 10.0.40219.1
Project("{FAE04EC0-301F-11D3-BF4B-00C04F79EFBC}") = "soan-backend", "soan-backend.csproj", "{5E1194F3-C174-4D63-AB46-CD0E0E68E936}"
EndProject
Global
	GlobalSection(SolutionConfigurationPlatforms) = preSolution
		Debug|Any CPU = Debug|Any CPU
		Release|Any CPU = Release|Any CPU
	EndGlobalSection
	GlobalSection(ProjectConfigurationPlatforms) = postSolution
		{5E1194F3-C174-4D63-AB46-CD0E0E68E936}.Debug|Any CPU.ActiveCfg = Debug|Any CPU
		{5E1194F3-C174-4D63-AB46-CD0E0E68E936}.Debug|Any CPU.Build.0 = Debug|Any CPU
		{5E1194F3-C174-4D63-AB46-CD0E0E68E936}.Release|Any CPU.ActiveCfg = Release|Any CPU
		{5E1194F3-C174-4D63-AB46-CD0E0E68E936}.Release|Any CPU.Build.0 = Release|Any CPU
	EndGlobalSection
	GlobalSection(SolutionProperties) = preSolution
		HideSolutionNode = FALSE
	EndGlobalSection
	GlobalSection(ExtensibilityGlobals) = postSolution
		SolutionGuid = {AA513E49-4937-46A0-96F9-F4AE4ABB0009}
	EndGlobalSection
EndGlobal
